
Microsoft Visual Studio Solution File, Format Version 12.00
# Visual Studio Version 17
VisualStudioVersion = 17.7.34024.191
MinimumVisualStudioVersion = 10.0.40219.1
Project("{FAE04EC0-301F-11D3-BF4B-00C04F79EFBC}") = "практична 5", "практична 5\практична 5.csproj", "{C5D3D4A6-C435-4D03-A10D-F72CFBA4A94C}"
EndProject
Global
	GlobalSection(SolutionConfigurationPlatforms) = preSolution
		Debug|Any CPU = Debug|Any CPU
		Release|Any CPU = Release|Any CPU
	EndGlobalSection
	GlobalSection(ProjectConfigurationPlatforms) = postSolution
		{C5D3D4A6-C435-4D03-A10D-F72CFBA4A94C}.Debug|Any CPU.ActiveCfg = Debug|Any CPU
		{C5D3D4A6-C435-4D03-A10D-F72CFBA4A94C}.Debug|Any CPU.Build.0 = Debug|Any CPU
		{C5D3D4A6-C435-4D03-A10D-F72CFBA4A94C}.Release|Any CPU.ActiveCfg = Release|Any CPU
		{C5D3D4A6-C435-4D03-A10D-F72CFBA4A94C}.Release|Any CPU.Build.0 = Release|Any CPU
	EndGlobalSection
	GlobalSection(SolutionProperties) = preSolution
		HideSolutionNode = FALSE
	EndGlobalSection
	GlobalSection(ExtensibilityGlobals) = postSolution
		SolutionGuid = {99F4739C-AB10-4F63-A3E7-18AF5EF58395}
	EndGlobalSection
EndGlobal
